
Microsoft Visual Studio Solution File, Format Version 12.00
# Visual Studio Version 16
VisualStudioVersion = 16.0.30804.86
MinimumVisualStudioVersion = 10.0.40219.1
Project("{9A19103F-16F7-4668-BE54-9A1E7A4F7556}") = "DiameterOfBinaryTree", "DiameterOfBinaryTree\DiameterOfBinaryTree.csproj", "{244D8BB4-FE03-4AF4-9359-7C761C91892F}"
EndProject
Project("{9A19103F-16F7-4668-BE54-9A1E7A4F7556}") = "DiameterOfBinaryTreeTests", "DiameterOfBinaryTreeTests\DiameterOfBinaryTreeTests.csproj", "{02EFB121-7176-4016-99FC-C9EC3FD21128}"
EndProject
Project("{9A19103F-16F7-4668-BE54-9A1E7A4F7556}") = "IPValidation", "IPValidation\IPValidation.csproj", "{32302845-300C-4D81-95E2-AC6114C6674A}"
EndProject
Project("{9A19103F-16F7-4668-BE54-9A1E7A4F7556}") = "IPValidation.Tests", "IPValidation.Tests\IPValidation.Tests.csproj", "{46E35373-20DF-4241-9555-3C29BAE546A4}"
EndProject
Global
	GlobalSection(SolutionConfigurationPlatforms) = preSolution
		Debug|Any CPU = Debug|Any CPU
		Release|Any CPU = Release|Any CPU
	EndGlobalSection
	GlobalSection(ProjectConfigurationPlatforms) = postSolution
		{244D8BB4-FE03-4AF4-9359-7C761C91892F}.Debug|Any CPU.ActiveCfg = Debug|Any CPU
		{244D8BB4-FE03-4AF4-9359-7C761C91892F}.Debug|Any CPU.Build.0 = Debug|Any CPU
		{244D8BB4-FE03-4AF4-9359-7C761C91892F}.Release|Any CPU.ActiveCfg = Release|Any CPU
		{244D8BB4-FE03-4AF4-9359-7C761C91892F}.Release|Any CPU.Build.0 = Release|Any CPU
		{02EFB121-7176-4016-99FC-C9EC3FD21128}.Debug|Any CPU.ActiveCfg = Debug|Any CPU
		{02EFB121-7176-4016-99FC-C9EC3FD21128}.Debug|Any CPU.Build.0 = Debug|Any CPU
		{02EFB121-7176-4016-99FC-C9EC3FD21128}.Release|Any CPU.ActiveCfg = Release|Any CPU
		{02EFB121-7176-4016-99FC-C9EC3FD21128}.Release|Any CPU.Build.0 = Release|Any CPU
		{32302845-300C-4D81-95E2-AC6114C6674A}.Debug|Any CPU.ActiveCfg = Debug|Any CPU
		{32302845-300C-4D81-95E2-AC6114C6674A}.Debug|Any CPU.Build.0 = Debug|Any CPU
		{32302845-300C-4D81-95E2-AC6114C6674A}.Release|Any CPU.ActiveCfg = Release|Any CPU
		{32302845-300C-4D81-95E2-AC6114C6674A}.Release|Any CPU.Build.0 = Release|Any CPU
		{46E35373-20DF-4241-9555-3C29BAE546A4}.Debug|Any CPU.ActiveCfg = Debug|Any CPU
		{46E35373-20DF-4241-9555-3C29BAE546A4}.Debug|Any CPU.Build.0 = Debug|Any CPU
		{46E35373-20DF-4241-9555-3C29BAE546A4}.Release|Any CPU.ActiveCfg = Release|Any CPU
		{46E35373-20DF-4241-9555-3C29BAE546A4}.Release|Any CPU.Build.0 = Release|Any CPU
	EndGlobalSection
	GlobalSection(SolutionProperties) = preSolution
		HideSolutionNode = FALSE
	EndGlobalSection
	GlobalSection(ExtensibilityGlobals) = postSolution
		SolutionGuid = {9E0E5954-2E63-4CCE-8030-AF763AFA87CB}
	EndGlobalSection
EndGlobal
